
Microsoft Visual Studio Solution File, Format Version 12.00
# Visual Studio Version 17
VisualStudioVersion = 17.2.32516.85
MinimumVisualStudioVersion = 10.0.40219.1
Project("{FAE04EC0-301F-11D3-BF4B-00C04F79EFBC}") = "Project_X", "Project_X\Project_X.csproj", "{CC5C1289-3AD3-4538-847F-9DC9268F5347}"
EndProject
Global
	GlobalSection(SolutionConfigurationPlatforms) = preSolution
		Debug|Any CPU = Debug|Any CPU
		Release|Any CPU = Release|Any CPU
	EndGlobalSection
	GlobalSection(ProjectConfigurationPlatforms) = postSolution
		{CC5C1289-3AD3-4538-847F-9DC9268F5347}.Debug|Any CPU.ActiveCfg = Debug|Any CPU
		{CC5C1289-3AD3-4538-847F-9DC9268F5347}.Debug|Any CPU.Build.0 = Debug|Any CPU
		{CC5C1289-3AD3-4538-847F-9DC9268F5347}.Release|Any CPU.ActiveCfg = Release|Any CPU
		{CC5C1289-3AD3-4538-847F-9DC9268F5347}.Release|Any CPU.Build.0 = Release|Any CPU
	EndGlobalSection
	GlobalSection(SolutionProperties) = preSolution
		HideSolutionNode = FALSE
	EndGlobalSection
	GlobalSection(ExtensibilityGlobals) = postSolution
		SolutionGuid = {DEAAF869-0F16-4E43-A4FC-3CB74FD27B0B}
	EndGlobalSection
EndGlobal
